
Microsoft Visual Studio Solution File, Format Version 12.00
# Visual Studio Version 17
VisualStudioVersion = 17.3.32901.215
MinimumVisualStudioVersion = 10.0.40219.1
Project("{FAE04EC0-301F-11D3-BF4B-00C04F79EFBC}") = "YoussefLandWebBrowser", "YoussefLandWebBrowser\YoussefLandWebBrowser.csproj", "{0330461A-DE97-4F43-8DDF-C4A78D77AE3F}"
EndProject
Global
	GlobalSection(SolutionConfigurationPlatforms) = preSolution
		Debug|Any CPU = Debug|Any CPU
		Release|Any CPU = Release|Any CPU
	EndGlobalSection
	GlobalSection(ProjectConfigurationPlatforms) = postSolution
		{0330461A-DE97-4F43-8DDF-C4A78D77AE3F}.Debug|Any CPU.ActiveCfg = Debug|Any CPU
		{0330461A-DE97-4F43-8DDF-C4A78D77AE3F}.Debug|Any CPU.Build.0 = Debug|Any CPU
		{0330461A-DE97-4F43-8DDF-C4A78D77AE3F}.Release|Any CPU.ActiveCfg = Release|Any CPU
		{0330461A-DE97-4F43-8DDF-C4A78D77AE3F}.Release|Any CPU.Build.0 = Release|Any CPU
	EndGlobalSection
	GlobalSection(SolutionProperties) = preSolution
		HideSolutionNode = FALSE
	EndGlobalSection
	GlobalSection(ExtensibilityGlobals) = postSolution
		SolutionGuid = {2DAA9976-B6BD-4EC0-9F3F-6D228D1166F2}
	EndGlobalSection
EndGlobal
